{
  "originHash" : "1d009a4844ab1c69c7ab6071404a7da44942e4b72f392659c886b319ae6a492a",
  "pins" : [
    {
      "identity" : "trustdevice-ios",
      "kind" : "remoteSourceControl",
      "location" : "https://github.com/trustdecision/trustdevice-ios.git",
      "state" : {
        "revision" : "8fe270f2d9b7a73c74371c56b9cca7dd46eeae06",
        "version" : "1.6.0"
      }
    }
  ],
  "version" : 3
}
